
Microsoft Visual Studio Solution File, Format Version 12.00
# Visual Studio Version 17
VisualStudioVersion = 17.8.34330.188
MinimumVisualStudioVersion = 10.0.40219.1
Project("{9A19103F-16F7-4668-BE54-9A1E7A4F7556}") = "WebApplication11", "WebApplication11\WebApplication11.csproj", "{4219A30E-7E83-4991-848A-F3B33D1A7981}"
EndProject
Project("{9A19103F-16F7-4668-BE54-9A1E7A4F7556}") = "BulkyRazor", "BulkyRazor\BulkyRazor.csproj", "{D76156D2-C315-485C-8AB5-3ADB91799BE9}"
EndProject
Project("{FAE04EC0-301F-11D3-BF4B-00C04F79EFBC}") = "Bulky.DataAccess", "Bulky.DataAccess\Bulky.DataAccess.csproj", "{4DF9D133-8AF0-4764-B965-874E24254191}"
EndProject
Project("{FAE04EC0-301F-11D3-BF4B-00C04F79EFBC}") = "Bulky.Models", "Bulky.Models\Bulky.Models.csproj", "{56A86BDB-EF68-4CE5-A2EE-E9D59ACD1B8F}"
EndProject
Project("{FAE04EC0-301F-11D3-BF4B-00C04F79EFBC}") = "Bulky.Utility", "Bulky.Utility\Bulky.Utility.csproj", "{11107066-A124-4D21-8602-367B7C8AAD25}"
EndProject
Global
	GlobalSection(SolutionConfigurationPlatforms) = preSolution
		Debug|Any CPU = Debug|Any CPU
		Release|Any CPU = Release|Any CPU
	EndGlobalSection
	GlobalSection(ProjectConfigurationPlatforms) = postSolution
		{4219A30E-7E83-4991-848A-F3B33D1A7981}.Debug|Any CPU.ActiveCfg = Debug|Any CPU
		{4219A30E-7E83-4991-848A-F3B33D1A7981}.Debug|Any CPU.Build.0 = Debug|Any CPU
		{4219A30E-7E83-4991-848A-F3B33D1A7981}.Release|Any CPU.ActiveCfg = Release|Any CPU
		{4219A30E-7E83-4991-848A-F3B33D1A7981}.Release|Any CPU.Build.0 = Release|Any CPU
		{D76156D2-C315-485C-8AB5-3ADB91799BE9}.Debug|Any CPU.ActiveCfg = Debug|Any CPU
		{D76156D2-C315-485C-8AB5-3ADB91799BE9}.Debug|Any CPU.Build.0 = Debug|Any CPU
		{D76156D2-C315-485C-8AB5-3ADB91799BE9}.Release|Any CPU.ActiveCfg = Release|Any CPU
		{D76156D2-C315-485C-8AB5-3ADB91799BE9}.Release|Any CPU.Build.0 = Release|Any CPU
		{4DF9D133-8AF0-4764-B965-874E24254191}.Debug|Any CPU.ActiveCfg = Debug|Any CPU
		{4DF9D133-8AF0-4764-B965-874E24254191}.Debug|Any CPU.Build.0 = Debug|Any CPU
		{4DF9D133-8AF0-4764-B965-874E24254191}.Release|Any CPU.ActiveCfg = Release|Any CPU
		{4DF9D133-8AF0-4764-B965-874E24254191}.Release|Any CPU.Build.0 = Release|Any CPU
		{56A86BDB-EF68-4CE5-A2EE-E9D59ACD1B8F}.Debug|Any CPU.ActiveCfg = Debug|Any CPU
		{56A86BDB-EF68-4CE5-A2EE-E9D59ACD1B8F}.Debug|Any CPU.Build.0 = Debug|Any CPU
		{56A86BDB-EF68-4CE5-A2EE-E9D59ACD1B8F}.Release|Any CPU.ActiveCfg = Release|Any CPU
		{56A86BDB-EF68-4CE5-A2EE-E9D59ACD1B8F}.Release|Any CPU.Build.0 = Release|Any CPU
		{11107066-A124-4D21-8602-367B7C8AAD25}.Debug|Any CPU.ActiveCfg = Debug|Any CPU
		{11107066-A124-4D21-8602-367B7C8AAD25}.Debug|Any CPU.Build.0 = Debug|Any CPU
		{11107066-A124-4D21-8602-367B7C8AAD25}.Release|Any CPU.ActiveCfg = Release|Any CPU
		{11107066-A124-4D21-8602-367B7C8AAD25}.Release|Any CPU.Build.0 = Release|Any CPU
	EndGlobalSection
	GlobalSection(SolutionProperties) = preSolution
		HideSolutionNode = FALSE
	EndGlobalSection
	GlobalSection(ExtensibilityGlobals) = postSolution
		SolutionGuid = {C425D37B-7431-42D5-B857-CA33067039C9}
	EndGlobalSection
EndGlobal
